// !$*UTF8*$!
{
	archiveVersion = 1;
	classes = {
	};
	objectVersion = 56;
	objects = {

/* Begin PBXBuildFile section */
		241E7915636746AABA8A8C85 /* Pods_MVP_Example_MVP_ExampleUITests.framework in Frameworks */ = {isa = PBXBuildFile; fileRef = 574CC9F4B4312911FEB2DA4F /* Pods_MVP_Example_MVP_ExampleUITests.framework */; };
		46BE0FDB515D0630B92CE3D6 /* Pods_MVP_Example.framework in Frameworks */ = {isa = PBXBuildFile; fileRef = 0EC7E1E5016778F8A7FA534E /* Pods_MVP_Example.framework */; };
		4714FA3868112785D9776163 /* Pods_MVP_ExampleTests.framework in Frameworks */ = {isa = PBXBuildFile; fileRef = 14AA92E791B428425DC8E61D /* Pods_MVP_ExampleTests.framework */; };
		7527C0A82999D87B00351F67 /* AppDelegate.swift in Sources */ = {isa = PBXBuildFile; fileRef = 7527C0A72999D87B00351F67 /* AppDelegate.swift */; };
		7527C0AA2999D87B00351F67 /* SceneDelegate.swift in Sources */ = {isa = PBXBuildFile; fileRef = 7527C0A92999D87B00351F67 /* SceneDelegate.swift */; };
		7527C0AC2999D87B00351F67 /* ViewController.swift in Sources */ = {isa = PBXBuildFile; fileRef = 7527C0AB2999D87B00351F67 /* ViewController.swift */; };
		7527C0B12999D87D00351F67 /* Assets.xcassets in Resources */ = {isa = PBXBuildFile; fileRef = 7527C0B02999D87D00351F67 /* Assets.xcassets */; };
		7527C0B42999D87D00351F67 /* LaunchScreen.storyboard in Resources */ = {isa = PBXBuildFile; fileRef = 7527C0B22999D87D00351F67 /* LaunchScreen.storyboard */; };
		7527C0BF2999D87E00351F67 /* MVP_ExampleTests.swift in Sources */ = {isa = PBXBuildFile; fileRef = 7527C0BE2999D87E00351F67 /* MVP_ExampleTests.swift */; };
		7527C0C92999D87E00351F67 /* MVP_ExampleUITests.swift in Sources */ = {isa = PBXBuildFile; fileRef = 7527C0C82999D87E00351F67 /* MVP_ExampleUITests.swift */; };
		7527C0CB2999D87E00351F67 /* MVP_ExampleUITestsLaunchTests.swift in Sources */ = {isa = PBXBuildFile; fileRef = 7527C0CA2999D87E00351F67 /* MVP_ExampleUITestsLaunchTests.swift */; };
		7527C0D82999EEC300351F67 /* Presenter.swift in Sources */ = {isa = PBXBuildFile; fileRef = 7527C0D72999EEC300351F67 /* Presenter.swift */; };
		7527C0F3299B4EBC00351F67 /* NetworkService.swift in Sources */ = {isa = PBXBuildFile; fileRef = 7527C0F2299B4EBC00351F67 /* NetworkService.swift */; };
		7527C0F5299B4F5A00351F67 /* OpenWeather.swift in Sources */ = {isa = PBXBuildFile; fileRef = 7527C0F4299B4F5A00351F67 /* OpenWeather.swift */; };
		7527C0FC299B500B00351F67 /* SimpleError.swift in Sources */ = {isa = PBXBuildFile; fileRef = 7527C0FB299B500B00351F67 /* SimpleError.swift */; };
/* End PBXBuildFile section */

/* Begin PBXContainerItemProxy section */
		7527C0BB2999D87E00351F67 /* PBXContainerItemProxy */ = {
			isa = PBXContainerItemProxy;
			containerPortal = 7527C09C2999D87B00351F67 /* Project object */;
			proxyType = 1;
			remoteGlobalIDString = 7527C0A32999D87B00351F67;
			remoteInfo = MVP_Example;
		};
		7527C0C52999D87E00351F67 /* PBXContainerItemProxy */ = {
			isa = PBXContainerItemProxy;
			containerPortal = 7527C09C2999D87B00351F67 /* Project object */;
			proxyType = 1;
			remoteGlobalIDString = 7527C0A32999D87B00351F67;
			remoteInfo = MVP_Example;
		};
/* End PBXContainerItemProxy section */

/* Begin PBXFileReference section */
		0EC7E1E5016778F8A7FA534E /* Pods_MVP_Example.framework */ = {isa = PBXFileReference; explicitFileType = wrapper.framework; includeInIndex = 0; path = Pods_MVP_Example.framework; sourceTree = BUILT_PRODUCTS_DIR; };
		14AA92E791B428425DC8E61D /* Pods_MVP_ExampleTests.framework */ = {isa = PBXFileReference; explicitFileType = wrapper.framework; includeInIndex = 0; path = Pods_MVP_ExampleTests.framework; sourceTree = BUILT_PRODUCTS_DIR; };
		23C73E97E53E0F68E0032960 /* Pods-MVP_Example-MVP_ExampleUITests.debug.xcconfig */ = {isa = PBXFileReference; includeInIndex = 1; lastKnownFileType = text.xcconfig; name = "Pods-MVP_Example-MVP_ExampleUITests.debug.xcconfig"; path = "Target Support Files/Pods-MVP_Example-MVP_ExampleUITests/Pods-MVP_Example-MVP_ExampleUITests.debug.xcconfig"; sourceTree = "<group>"; };
		3BCB425EC56962CEE0637E97 /* Pods-MVP_Example.release.xcconfig */ = {isa = PBXFileReference; includeInIndex = 1; lastKnownFileType = text.xcconfig; name = "Pods-MVP_Example.release.xcconfig"; path = "Target Support Files/Pods-MVP_Example/Pods-MVP_Example.release.xcconfig"; sourceTree = "<group>"; };
		574CC9F4B4312911FEB2DA4F /* Pods_MVP_Example_MVP_ExampleUITests.framework */ = {isa = PBXFileReference; explicitFileType = wrapper.framework; includeInIndex = 0; path = Pods_MVP_Example_MVP_ExampleUITests.framework; sourceTree = BUILT_PRODUCTS_DIR; };
		7527C0A42999D87B00351F67 /* MVP_Example.app */ = {isa = PBXFileReference; explicitFileType = wrapper.application; includeInIndex = 0; path = MVP_Example.app; sourceTree = BUILT_PRODUCTS_DIR; };
		7527C0A72999D87B00351F67 /* AppDelegate.swift */ = {isa = PBXFileReference; lastKnownFileType = sourcecode.swift; path = AppDelegate.swift; sourceTree = "<group>"; };
		7527C0A92999D87B00351F67 /* SceneDelegate.swift */ = {isa = PBXFileReference; lastKnownFileType = sourcecode.swift; path = SceneDelegate.swift; sourceTree = "<group>"; };
		7527C0AB2999D87B00351F67 /* ViewController.swift */ = {isa = PBXFileReference; lastKnownFileType = sourcecode.swift; path = ViewController.swift; sourceTree = "<group>"; };
		7527C0B02999D87D00351F67 /* Assets.xcassets */ = {isa = PBXFileReference; lastKnownFileType = folder.assetcatalog; path = Assets.xcassets; sourceTree = "<group>"; };
		7527C0B32999D87D00351F67 /* Base */ = {isa = PBXFileReference; lastKnownFileType = file.storyboard; name = Base; path = Base.lproj/LaunchScreen.storyboard; sourceTree = "<group>"; };
		7527C0B52999D87D00351F67 /* Info.plist */ = {isa = PBXFileReference; lastKnownFileType = text.plist.xml; path = Info.plist; sourceTree = "<group>"; };
		7527C0BA2999D87E00351F67 /* MVP_ExampleTests.xctest */ = {isa = PBXFileReference; explicitFileType = wrapper.cfbundle; includeInIndex = 0; path = MVP_ExampleTests.xctest; sourceTree = BUILT_PRODUCTS_DIR; };
		7527C0BE2999D87E00351F67 /* MVP_ExampleTests.swift */ = {isa = PBXFileReference; lastKnownFileType = sourcecode.swift; path = MVP_ExampleTests.swift; sourceTree = "<group>"; };
		7527C0C42999D87E00351F67 /* MVP_ExampleUITests.xctest */ = {isa = PBXFileReference; explicitFileType = wrapper.cfbundle; includeInIndex = 0; path = MVP_ExampleUITests.xctest; sourceTree = BUILT_PRODUCTS_DIR; };
		7527C0C82999D87E00351F67 /* MVP_ExampleUITests.swift */ = {isa = PBXFileReference; lastKnownFileType = sourcecode.swift; path = MVP_ExampleUITests.swift; sourceTree = "<group>"; };
		7527C0CA2999D87E00351F67 /* MVP_ExampleUITestsLaunchTests.swift */ = {isa = PBXFileReference; lastKnownFileType = sourcecode.swift; path = MVP_ExampleUITestsLaunchTests.swift; sourceTree = "<group>"; };
		7527C0D72999EEC300351F67 /* Presenter.swift */ = {isa = PBXFileReference; lastKnownFileType = sourcecode.swift; path = Presenter.swift; sourceTree = "<group>"; };
		7527C0F2299B4EBC00351F67 /* NetworkService.swift */ = {isa = PBXFileReference; lastKnownFileType = sourcecode.swift; path = NetworkService.swift; sourceTree = "<group>"; };
		7527C0F4299B4F5A00351F67 /* OpenWeather.swift */ = {isa = PBXFileReference; lastKnownFileType = sourcecode.swift; path = OpenWeather.swift; sourceTree = "<group>"; };
		7527C0FB299B500B00351F67 /* SimpleError.swift */ = {isa = PBXFileReference; lastKnownFileType = sourcecode.swift; path = SimpleError.swift; sourceTree = "<group>"; };
		B82B48FB3EDB3E1D96685542 /* Pods-MVP_ExampleTests.debug.xcconfig */ = {isa = PBXFileReference; includeInIndex = 1; lastKnownFileType = text.xcconfig; name = "Pods-MVP_ExampleTests.debug.xcconfig"; path = "Target Support Files/Pods-MVP_ExampleTests/Pods-MVP_ExampleTests.debug.xcconfig"; sourceTree = "<group>"; };
		BF42A8B1D3817319846ADC13 /* Pods-MVP_ExampleTests.release.xcconfig */ = {isa = PBXFileReference; includeInIndex = 1; lastKnownFileType = text.xcconfig; name = "Pods-MVP_ExampleTests.release.xcconfig"; path = "Target Support Files/Pods-MVP_ExampleTests/Pods-MVP_ExampleTests.release.xcconfig"; sourceTree = "<group>"; };
		CDE03727355C47CE691C412F /* Pods-MVP_Example-MVP_ExampleUITests.release.xcconfig */ = {isa = PBXFileReference; includeInIndex = 1; lastKnownFileType = text.xcconfig; name = "Pods-MVP_Example-MVP_ExampleUITests.release.xcconfig"; path = "Target Support Files/Pods-MVP_Example-MVP_ExampleUITests/Pods-MVP_Example-MVP_ExampleUITests.release.xcconfig"; sourceTree = "<group>"; };
		DFFFE9670A7B8DD5C1B2E15C /* Pods-MVP_Example.debug.xcconfig */ = {isa = PBXFileReference; includeInIndex = 1; lastKnownFileType = text.xcconfig; name = "Pods-MVP_Example.debug.xcconfig"; path = "Target Support Files/Pods-MVP_Example/Pods-MVP_Example.debug.xcconfig"; sourceTree = "<group>"; };
/* End PBXFileReference section */

/* Begin PBXFrameworksBuildPhase section */
		7527C0A12999D87B00351F67 /* Frameworks */ = {
			isa = PBXFrameworksBuildPhase;
			buildActionMask = 2147483647;
			files = (
				46BE0FDB515D0630B92CE3D6 /* Pods_MVP_Example.framework in Frameworks */,
			);
			runOnlyForDeploymentPostprocessing = 0;
		};
		7527C0B72999D87E00351F67 /* Frameworks */ = {
			isa = PBXFrameworksBuildPhase;
			buildActionMask = 2147483647;
			files = (
				4714FA3868112785D9776163 /* Pods_MVP_ExampleTests.framework in Frameworks */,
			);
			runOnlyForDeploymentPostprocessing = 0;
		};
		7527C0C12999D87E00351F67 /* Frameworks */ = {
			isa = PBXFrameworksBuildPhase;
			buildActionMask = 2147483647;
			files = (
				241E7915636746AABA8A8C85 /* Pods_MVP_Example_MVP_ExampleUITests.framework in Frameworks */,
			);
			runOnlyForDeploymentPostprocessing = 0;
		};
/* End PBXFrameworksBuildPhase section */

/* Begin PBXGroup section */
		7527C09B2999D87B00351F67 = {
			isa = PBXGroup;
			children = (
				7527C0A62999D87B00351F67 /* MVP_Example */,
				7527C0BD2999D87E00351F67 /* MVP_ExampleTests */,
				7527C0C72999D87E00351F67 /* MVP_ExampleUITests */,
				7527C0A52999D87B00351F67 /* Products */,
				C41560E93E39CFEA885844F8 /* Pods */,
				813A857C9C762CB844AB0865 /* Frameworks */,
			);
			sourceTree = "<group>";
		};
		7527C0A52999D87B00351F67 /* Products */ = {
			isa = PBXGroup;
			children = (
				7527C0A42999D87B00351F67 /* MVP_Example.app */,
				7527C0BA2999D87E00351F67 /* MVP_ExampleTests.xctest */,
				7527C0C42999D87E00351F67 /* MVP_ExampleUITests.xctest */,
			);
			name = Products;
			sourceTree = "<group>";
		};
		7527C0A62999D87B00351F67 /* MVP_Example */ = {
			isa = PBXGroup;
			children = (
				7527C0A72999D87B00351F67 /* AppDelegate.swift */,
				7527C0A92999D87B00351F67 /* SceneDelegate.swift */,
				7527C0FA299B4FA400351F67 /* Scenes */,
				7527C0F7299B4F6F00351F67 /* Services */,
				7527C0F6299B4F6400351F67 /* Models */,
				7527C0B02999D87D00351F67 /* Assets.xcassets */,
				7527C0B22999D87D00351F67 /* LaunchScreen.storyboard */,
				7527C0B52999D87D00351F67 /* Info.plist */,
			);
			path = MVP_Example;
			sourceTree = "<group>";
		};
		7527C0BD2999D87E00351F67 /* MVP_ExampleTests */ = {
			isa = PBXGroup;
			children = (
				7527C0BE2999D87E00351F67 /* MVP_ExampleTests.swift */,
			);
			path = MVP_ExampleTests;
			sourceTree = "<group>";
		};
		7527C0C72999D87E00351F67 /* MVP_ExampleUITests */ = {
			isa = PBXGroup;
			children = (
				7527C0C82999D87E00351F67 /* MVP_ExampleUITests.swift */,
				7527C0CA2999D87E00351F67 /* MVP_ExampleUITestsLaunchTests.swift */,
			);
			path = MVP_ExampleUITests;
			sourceTree = "<group>";
		};
		7527C0F6299B4F6400351F67 /* Models */ = {
			isa = PBXGroup;
			children = (
				7527C0F4299B4F5A00351F67 /* OpenWeather.swift */,
			);
			path = Models;
			sourceTree = "<group>";
		};
		7527C0F7299B4F6F00351F67 /* Services */ = {
			isa = PBXGroup;
			children = (
				7527C0F2299B4EBC00351F67 /* NetworkService.swift */,
				7527C0FB299B500B00351F67 /* SimpleError.swift */,
			);
			path = Services;
			sourceTree = "<group>";
		};
		7527C0FA299B4FA400351F67 /* Scenes */ = {
			isa = PBXGroup;
			children = (
				7527C0AB2999D87B00351F67 /* ViewController.swift */,
				7527C0D72999EEC300351F67 /* Presenter.swift */,
			);
			path = Scenes;
			sourceTree = "<group>";
		};
		813A857C9C762CB844AB0865 /* Frameworks */ = {
			isa = PBXGroup;
			children = (
				0EC7E1E5016778F8A7FA534E /* Pods_MVP_Example.framework */,
				574CC9F4B4312911FEB2DA4F /* Pods_MVP_Example_MVP_ExampleUITests.framework */,
				14AA92E791B428425DC8E61D /* Pods_MVP_ExampleTests.framework */,
			);
			name = Frameworks;
			sourceTree = "<group>";
		};
		C41560E93E39CFEA885844F8 /* Pods */ = {
			isa = PBXGroup;
			children = (
				DFFFE9670A7B8DD5C1B2E15C /* Pods-MVP_Example.debug.xcconfig */,
				3BCB425EC56962CEE0637E97 /* Pods-MVP_Example.release.xcconfig */,
				23C73E97E53E0F68E0032960 /* Pods-MVP_Example-MVP_ExampleUITests.debug.xcconfig */,
				CDE03727355C47CE691C412F /* Pods-MVP_Example-MVP_ExampleUITests.release.xcconfig */,
				B82B48FB3EDB3E1D96685542 /* Pods-MVP_ExampleTests.debug.xcconfig */,
				BF42A8B1D3817319846ADC13 /* Pods-MVP_ExampleTests.release.xcconfig */,
			);
			path = Pods;
			sourceTree = "<group>";
		};
/* End PBXGroup section */

/* Begin PBXNativeTarget section */
		7527C0A32999D87B00351F67 /* MVP_Example */ = {
			isa = PBXNativeTarget;
			buildConfigurationList = 7527C0CE2999D87E00351F67 /* Build configuration list for PBXNativeTarget "MVP_Example" */;
			buildPhases = (
				337CCC943B44BE7AF46F3354 /* [CP] Check Pods Manifest.lock */,
				7527C0A02999D87B00351F67 /* Sources */,
				7527C0A12999D87B00351F67 /* Frameworks */,
				7527C0A22999D87B00351F67 /* Resources */,
				0F487DA85ED0CC1568551D23 /* [CP] Embed Pods Frameworks */,
			);
			buildRules = (
			);
			dependencies = (
			);
			name = MVP_Example;
			productName = MVP_Example;
			productReference = 7527C0A42999D87B00351F67 /* MVP_Example.app */;
			productType = "com.apple.product-type.application";
		};
		7527C0B92999D87E00351F67 /* MVP_ExampleTests */ = {
			isa = PBXNativeTarget;
			buildConfigurationList = 7527C0D12999D87E00351F67 /* Build configuration list for PBXNativeTarget "MVP_ExampleTests" */;
			buildPhases = (
				0E723FF987C561E00CEC252B /* [CP] Check Pods Manifest.lock */,
				7527C0B62999D87E00351F67 /* Sources */,
				7527C0B72999D87E00351F67 /* Frameworks */,
				7527C0B82999D87E00351F67 /* Resources */,
			);
			buildRules = (
			);
			dependencies = (
				7527C0BC2999D87E00351F67 /* PBXTargetDependency */,
			);
			name = MVP_ExampleTests;
			productName = MVP_ExampleTests;
			productReference = 7527C0BA2999D87E00351F67 /* MVP_ExampleTests.xctest */;
			productType = "com.apple.product-type.bundle.unit-test";
		};
		7527C0C32999D87E00351F67 /* MVP_ExampleUITests */ = {
			isa = PBXNativeTarget;
			buildConfigurationList = 7527C0D42999D87E00351F67 /* Build configuration list for PBXNativeTarget "MVP_ExampleUITests" */;
			buildPhases = (
				907834224D10E1A237267DD2 /* [CP] Check Pods Manifest.lock */,
				7527C0C02999D87E00351F67 /* Sources */,
				7527C0C12999D87E00351F67 /* Frameworks */,
				7527C0C22999D87E00351F67 /* Resources */,
				E0CDE46578B285E9B9FAB617 /* [CP] Embed Pods Frameworks */,
			);
			buildRules = (
			);
			dependencies = (
				7527C0C62999D87E00351F67 /* PBXTargetDependency */,
			);
			name = MVP_ExampleUITests;
			productName = MVP_ExampleUITests;
			productReference = 7527C0C42999D87E00351F67 /* MVP_ExampleUITests.xctest */;
			productType = "com.apple.product-type.bundle.ui-testing";
		};
/* End PBXNativeTarget section */

/* Begin PBXProject section */
		7527C09C2999D87B00351F67 /* Project object */ = {
			isa = PBXProject;
			attributes = {
				BuildIndependentTargetsInParallel = 1;
				LastSwiftUpdateCheck = 1420;
				LastUpgradeCheck = 1420;
				TargetAttributes = {
					7527C0A32999D87B00351F67 = {
						CreatedOnToolsVersion = 14.2;
					};
					7527C0B92999D87E00351F67 = {
						CreatedOnToolsVersion = 14.2;
						TestTargetID = 7527C0A32999D87B00351F67;
					};
					7527C0C32999D87E00351F67 = {
						CreatedOnToolsVersion = 14.2;
						TestTargetID = 7527C0A32999D87B00351F67;
					};
				};
			};
			buildConfigurationList = 7527C09F2999D87B00351F67 /* Build configuration list for PBXProject "MVP_Example" */;
			compatibilityVersion = "Xcode 14.0";
			developmentRegion = en;
			hasScannedForEncodings = 0;
			knownRegions = (
				en,
				Base,
			);
			mainGroup = 7527C09B2999D87B00351F67;
			productRefGroup = 7527C0A52999D87B00351F67 /* Products */;
			projectDirPath = "";
			projectRoot = "";
			targets = (
				7527C0A32999D87B00351F67 /* MVP_Example */,
				7527C0B92999D87E00351F67 /* MVP_ExampleTests */,
				7527C0C32999D87E00351F67 /* MVP_ExampleUITests */,
			);
		};
/* End PBXProject section */

/* Begin PBXResourcesBuildPhase section */
		7527C0A22999D87B00351F67 /* Resources */ = {
			isa = PBXResourcesBuildPhase;
			buildActionMask = 2147483647;
			files = (
				7527C0B42999D87D00351F67 /* LaunchScreen.storyboard in Resources */,
				7527C0B12999D87D00351F67 /* Assets.xcassets in Resources */,
			);
			runOnlyForDeploymentPostprocessing = 0;
		};
		7527C0B82999D87E00351F67 /* Resources */ = {
			isa = PBXResourcesBuildPhase;
			buildActionMask = 2147483647;
			files = (
			);
			runOnlyForDeploymentPostprocessing = 0;
		};
		7527C0C22999D87E00351F67 /* Resources */ = {
			isa = PBXResourcesBuildPhase;
			buildActionMask = 2147483647;
			files = (
			);
			runOnlyForDeploymentPostprocessing = 0;
		};
/* End PBXResourcesBuildPhase section */

/* Begin PBXShellScriptBuildPhase section */
		0E723FF987C561E00CEC252B /* [CP] Check Pods Manifest.lock */ = {
			isa = PBXShellScriptBuildPhase;
			buildActionMask = 2147483647;
			files = (
			);
			inputFileListPaths = (
			);
			inputPaths = (
				"${PODS_PODFILE_DIR_PATH}/Podfile.lock",
				"${PODS_ROOT}/Manifest.lock",
			);
			name = "[CP] Check Pods Manifest.lock";
			outputFileListPaths = (
			);
			outputPaths = (
				"$(DERIVED_FILE_DIR)/Pods-MVP_ExampleTests-checkManifestLockResult.txt",
			);
			runOnlyForDeploymentPostprocessing = 0;
			shellPath = /bin/sh;
			shellScript = "diff \"${PODS_PODFILE_DIR_PATH}/Podfile.lock\" \"${PODS_ROOT}/Manifest.lock\" > /dev/null\nif [ $? != 0 ] ; then\n    # print error to STDERR\n    echo \"error: The sandbox is not in sync with the Podfile.lock. Run 'pod install' or update your CocoaPods installation.\" >&2\n    exit 1\nfi\n# This output is used by Xcode 'outputs' to avoid re-running this script phase.\necho \"SUCCESS\" > \"${SCRIPT_OUTPUT_FILE_0}\"\n";
			showEnvVarsInLog = 0;
		};
		0F487DA85ED0CC1568551D23 /* [CP] Embed Pods Frameworks */ = {
			isa = PBXShellScriptBuildPhase;
			buildActionMask = 2147483647;
			files = (
			);
			inputFileListPaths = (
				"${PODS_ROOT}/Target Support Files/Pods-MVP_Example/Pods-MVP_Example-frameworks-${CONFIGURATION}-input-files.xcfilelist",
			);
			name = "[CP] Embed Pods Frameworks";
			outputFileListPaths = (
				"${PODS_ROOT}/Target Support Files/Pods-MVP_Example/Pods-MVP_Example-frameworks-${CONFIGURATION}-output-files.xcfilelist",
			);
			runOnlyForDeploymentPostprocessing = 0;
			shellPath = /bin/sh;
			shellScript = "\"${PODS_ROOT}/Target Support Files/Pods-MVP_Example/Pods-MVP_Example-frameworks.sh\"\n";
			showEnvVarsInLog = 0;
		};
		337CCC943B44BE7AF46F3354 /* [CP] Check Pods Manifest.lock */ = {
			isa = PBXShellScriptBuildPhase;
			buildActionMask = 2147483647;
			files = (
			);
			inputFileListPaths = (
			);
			inputPaths = (
				"${PODS_PODFILE_DIR_PATH}/Podfile.lock",
				"${PODS_ROOT}/Manifest.lock",
			);
			name = "[CP] Check Pods Manifest.lock";
			outputFileListPaths = (
			);
			outputPaths = (
				"$(DERIVED_FILE_DIR)/Pods-MVP_Example-checkManifestLockResult.txt",
			);
			runOnlyForDeploymentPostprocessing = 0;
			shellPath = /bin/sh;
			shellScript = "diff \"${PODS_PODFILE_DIR_PATH}/Podfile.lock\" \"${PODS_ROOT}/Manifest.lock\" > /dev/null\nif [ $? != 0 ] ; then\n    # print error to STDERR\n    echo \"error: The sandbox is not in sync with the Podfile.lock. Run 'pod install' or update your CocoaPods installation.\" >&2\n    exit 1\nfi\n# This output is used by Xcode 'outputs' to avoid re-running this script phase.\necho \"SUCCESS\" > \"${SCRIPT_OUTPUT_FILE_0}\"\n";
			showEnvVarsInLog = 0;
		};
		907834224D10E1A237267DD2 /* [CP] Check Pods Manifest.lock */ = {
			isa = PBXShellScriptBuildPhase;
			buildActionMask = 2147483647;
			files = (
			);
			inputFileListPaths = (
			);
			inputPaths = (
				"${PODS_PODFILE_DIR_PATH}/Podfile.lock",
				"${PODS_ROOT}/Manifest.lock",
			);
			name = "[CP] Check Pods Manifest.lock";
			outputFileListPaths = (
			);
			outputPaths = (
				"$(DERIVED_FILE_DIR)/Pods-MVP_Example-MVP_ExampleUITests-checkManifestLockResult.txt",
			);
			runOnlyForDeploymentPostprocessing = 0;
			shellPath = /bin/sh;
			shellScript = "diff \"${PODS_PODFILE_DIR_PATH}/Podfile.lock\" \"${PODS_ROOT}/Manifest.lock\" > /dev/null\nif [ $? != 0 ] ; then\n    # print error to STDERR\n    echo \"error: The sandbox is not in sync with the Podfile.lock. Run 'pod install' or update your CocoaPods installation.\" >&2\n    exit 1\nfi\n# This output is used by Xcode 'outputs' to avoid re-running this script phase.\necho \"SUCCESS\" > \"${SCRIPT_OUTPUT_FILE_0}\"\n";
			showEnvVarsInLog = 0;
		};
		E0CDE46578B285E9B9FAB617 /* [CP] Embed Pods Frameworks */ = {
			isa = PBXShellScriptBuildPhase;
			buildActionMask = 2147483647;
			files = (
			);
			inputFileListPaths = (
				"${PODS_ROOT}/Target Support Files/Pods-MVP_Example-MVP_ExampleUITests/Pods-MVP_Example-MVP_ExampleUITests-frameworks-${CONFIGURATION}-input-files.xcfilelist",
			);
			name = "[CP] Embed Pods Frameworks";
			outputFileListPaths = (
				"${PODS_ROOT}/Target Support Files/Pods-MVP_Example-MVP_ExampleUITests/Pods-MVP_Example-MVP_ExampleUITests-frameworks-${CONFIGURATION}-output-files.xcfilelist",
			);
			runOnlyForDeploymentPostprocessing = 0;
			shellPath = /bin/sh;
			shellScript = "\"${PODS_ROOT}/Target Support Files/Pods-MVP_Example-MVP_ExampleUITests/Pods-MVP_Example-MVP_ExampleUITests-frameworks.sh\"\n";
			showEnvVarsInLog = 0;
		};
/* End PBXShellScriptBuildPhase section */

/* Begin PBXSourcesBuildPhase section */
		7527C0A02999D87B00351F67 /* Sources */ = {
			isa = PBXSourcesBuildPhase;
			buildActionMask = 2147483647;
			files = (
				7527C0F5299B4F5A00351F67 /* OpenWeather.swift in Sources */,
				7527C0F3299B4EBC00351F67 /* NetworkService.swift in Sources */,
				7527C0AC2999D87B00351F67 /* ViewController.swift in Sources */,
				7527C0A82999D87B00351F67 /* AppDelegate.swift in Sources */,
				7527C0D82999EEC300351F67 /* Presenter.swift in Sources */,
				7527C0FC299B500B00351F67 /* SimpleError.swift in Sources */,
				7527C0AA2999D87B00351F67 /* SceneDelegate.swift in Sources */,
			);
			runOnlyForDeploymentPostprocessing = 0;
		};
		7527C0B62999D87E00351F67 /* Sources */ = {
			isa = PBXSourcesBuildPhase;
			buildActionMask = 2147483647;
			files = (
				7527C0BF2999D87E00351F67 /* MVP_ExampleTests.swift in Sources */,
			);
			runOnlyForDeploymentPostprocessing = 0;
		};
		7527C0C02999D87E00351F67 /* Sources */ = {
			isa = PBXSourcesBuildPhase;
			buildActionMask = 2147483647;
			files = (
				7527C0C92999D87E00351F67 /* MVP_ExampleUITests.swift in Sources */,
				7527C0CB2999D87E00351F67 /* MVP_ExampleUITestsLaunchTests.swift in Sources */,
			);
			runOnlyForDeploymentPostprocessing = 0;
		};
/* End PBXSourcesBuildPhase section */

/* Begin PBXTargetDependency section */
		7527C0BC2999D87E00351F67 /* PBXTargetDependency */ = {
			isa = PBXTargetDependency;
			target = 7527C0A32999D87B00351F67 /* MVP_Example */;
			targetProxy = 7527C0BB2999D87E00351F67 /* PBXContainerItemProxy */;
		};
		7527C0C62999D87E00351F67 /* PBXTargetDependency */ = {
			isa = PBXTargetDependency;
			target = 7527C0A32999D87B00351F67 /* MVP_Example */;
			targetProxy = 7527C0C52999D87E00351F67 /* PBXContainerItemProxy */;
		};
/* End PBXTargetDependency section */

/* Begin PBXVariantGroup section */
		7527C0B22999D87D00351F67 /* LaunchScreen.storyboard */ = {
			isa = PBXVariantGroup;
			children = (
				7527C0B32999D87D00351F67 /* Base */,
			);
			name = LaunchScreen.storyboard;
			sourceTree = "<group>";
		};
/* End PBXVariantGroup section */

/* Begin XCBuildConfiguration section */
		7527C0CC2999D87E00351F67 /* Debug */ = {
			isa = XCBuildConfiguration;
			buildSettings = {
				ALWAYS_SEARCH_USER_PATHS = NO;
				CLANG_ANALYZER_NONNULL = YES;
				CLANG_ANALYZER_NUMBER_OBJECT_CONVERSION = YES_AGGRESSIVE;
				CLANG_CXX_LANGUAGE_STANDARD = "gnu++20";
				CLANG_ENABLE_MODULES = YES;
				CLANG_ENABLE_OBJC_ARC = YES;
				CLANG_ENABLE_OBJC_WEAK = YES;
				CLANG_WARN_BLOCK_CAPTURE_AUTORELEASING = YES;
				CLANG_WARN_BOOL_CONVERSION = YES;
				CLANG_WARN_COMMA = YES;
				CLANG_WARN_CONSTANT_CONVERSION = YES;
				CLANG_WARN_DEPRECATED_OBJC_IMPLEMENTATIONS = YES;
				CLANG_WARN_DIRECT_OBJC_ISA_USAGE = YES_ERROR;
				CLANG_WARN_DOCUMENTATION_COMMENTS = YES;
				CLANG_WARN_EMPTY_BODY = YES;
				CLANG_WARN_ENUM_CONVERSION = YES;
				CLANG_WARN_INFINITE_RECURSION = YES;
				CLANG_WARN_INT_CONVERSION = YES;
				CLANG_WARN_NON_LITERAL_NULL_CONVERSION = YES;
				CLANG_WARN_OBJC_IMPLICIT_RETAIN_SELF = YES;
				CLANG_WARN_OBJC_LITERAL_CONVERSION = YES;
				CLANG_WARN_OBJC_ROOT_CLASS = YES_ERROR;
				CLANG_WARN_QUOTED_INCLUDE_IN_FRAMEWORK_HEADER = YES;
				CLANG_WARN_RANGE_LOOP_ANALYSIS = YES;
				CLANG_WARN_STRICT_PROTOTYPES = YES;
				CLANG_WARN_SUSPICIOUS_MOVE = YES;
				CLANG_WARN_UNGUARDED_AVAILABILITY = YES_AGGRESSIVE;
				CLANG_WARN_UNREACHABLE_CODE = YES;
				CLANG_WARN__DUPLICATE_METHOD_MATCH = YES;
				COPY_PHASE_STRIP = NO;
				DEBUG_INFORMATION_FORMAT = dwarf;
				ENABLE_STRICT_OBJC_MSGSEND = YES;
				ENABLE_TESTABILITY = YES;
				GCC_C_LANGUAGE_STANDARD = gnu11;
				GCC_DYNAMIC_NO_PIC = NO;
				GCC_NO_COMMON_BLOCKS = YES;
				GCC_OPTIMIZATION_LEVEL = 0;
				GCC_PREPROCESSOR_DEFINITIONS = (
					"DEBUG=1",
					"$(inherited)",
				);
				GCC_WARN_64_TO_32_BIT_CONVERSION = YES;
				GCC_WARN_ABOUT_RETURN_TYPE = YES_ERROR;
				GCC_WARN_UNDECLARED_SELECTOR = YES;
				GCC_WARN_UNINITIALIZED_AUTOS = YES_AGGRESSIVE;
				GCC_WARN_UNUSED_FUNCTION = YES;
				GCC_WARN_UNUSED_VARIABLE = YES;
				IPHONEOS_DEPLOYMENT_TARGET = 16.2;
				MTL_ENABLE_DEBUG_INFO = INCLUDE_SOURCE;
				MTL_FAST_MATH = YES;
				ONLY_ACTIVE_ARCH = YES;
				SDKROOT = iphoneos;
				SWIFT_ACTIVE_COMPILATION_CONDITIONS = DEBUG;
				SWIFT_OPTIMIZATION_LEVEL = "-Onone";
			};
			name = Debug;
		};
		7527C0CD2999D87E00351F67 /* Release */ = {
			isa = XCBuildConfiguration;
			buildSettings = {
				ALWAYS_SEARCH_USER_PATHS = NO;
				CLANG_ANALYZER_NONNULL = YES;
				CLANG_ANALYZER_NUMBER_OBJECT_CONVERSION = YES_AGGRESSIVE;
				CLANG_CXX_LANGUAGE_STANDARD = "gnu++20";
				CLANG_ENABLE_MODULES = YES;
				CLANG_ENABLE_OBJC_ARC = YES;
				CLANG_ENABLE_OBJC_WEAK = YES;
				CLANG_WARN_BLOCK_CAPTURE_AUTORELEASING = YES;
				CLANG_WARN_BOOL_CONVERSION = YES;
				CLANG_WARN_COMMA = YES;
				CLANG_WARN_CONSTANT_CONVERSION = YES;
				CLANG_WARN_DEPRECATED_OBJC_IMPLEMENTATIONS = YES;
				CLANG_WARN_DIRECT_OBJC_ISA_USAGE = YES_ERROR;
				CLANG_WARN_DOCUMENTATION_COMMENTS = YES;
				CLANG_WARN_EMPTY_BODY = YES;
				CLANG_WARN_ENUM_CONVERSION = YES;
				CLANG_WARN_INFINITE_RECURSION = YES;
				CLANG_WARN_INT_CONVERSION = YES;
				CLANG_WARN_NON_LITERAL_NULL_CONVERSION = YES;
				CLANG_WARN_OBJC_IMPLICIT_RETAIN_SELF = YES;
				CLANG_WARN_OBJC_LITERAL_CONVERSION = YES;
				CLANG_WARN_OBJC_ROOT_CLASS = YES_ERROR;
				CLANG_WARN_QUOTED_INCLUDE_IN_FRAMEWORK_HEADER = YES;
				CLANG_WARN_RANGE_LOOP_ANALYSIS = YES;
				CLANG_WARN_STRICT_PROTOTYPES = YES;
				CLANG_WARN_SUSPICIOUS_MOVE = YES;
				CLANG_WARN_UNGUARDED_AVAILABILITY = YES_AGGRESSIVE;
				CLANG_WARN_UNREACHABLE_CODE = YES;
				CLANG_WARN__DUPLICATE_METHOD_MATCH = YES;
				COPY_PHASE_STRIP = NO;
				DEBUG_INFORMATION_FORMAT = "dwarf-with-dsym";
				ENABLE_NS_ASSERTIONS = NO;
				ENABLE_STRICT_OBJC_MSGSEND = YES;
				GCC_C_LANGUAGE_STANDARD = gnu11;
				GCC_NO_COMMON_BLOCKS = YES;
				GCC_WARN_64_TO_32_BIT_CONVERSION = YES;
				GCC_WARN_ABOUT_RETURN_TYPE = YES_ERROR;
				GCC_WARN_UNDECLARED_SELECTOR = YES;
				GCC_WARN_UNINITIALIZED_AUTOS = YES_AGGRESSIVE;
				GCC_WARN_UNUSED_FUNCTION = YES;
				GCC_WARN_UNUSED_VARIABLE = YES;
				IPHONEOS_DEPLOYMENT_TARGET = 16.2;
				MTL_ENABLE_DEBUG_INFO = NO;
				MTL_FAST_MATH = YES;
				SDKROOT = iphoneos;
				SWIFT_COMPILATION_MODE = wholemodule;
				SWIFT_OPTIMIZATION_LEVEL = "-O";
				VALIDATE_PRODUCT = YES;
			};
			name = Release;
		};
		7527C0CF2999D87E00351F67 /* Debug */ = {
			isa = XCBuildConfiguration;
			baseConfigurationReference = DFFFE9670A7B8DD5C1B2E15C /* Pods-MVP_Example.debug.xcconfig */;
			buildSettings = {
				ASSETCATALOG_COMPILER_APPICON_NAME = AppIcon;
				ASSETCATALOG_COMPILER_GLOBAL_ACCENT_COLOR_NAME = AccentColor;
				CODE_SIGN_STYLE = Automatic;
				CURRENT_PROJECT_VERSION = 1;
				DEVELOPMENT_TEAM = 9LAFQ24GSN;
				GENERATE_INFOPLIST_FILE = YES;
				INFOPLIST_FILE = MVP_Example/Info.plist;
				INFOPLIST_KEY_UIApplicationSupportsIndirectInputEvents = YES;
				INFOPLIST_KEY_UILaunchStoryboardName = LaunchScreen;
				INFOPLIST_KEY_UISupportedInterfaceOrientations_iPad = "UIInterfaceOrientationPortrait UIInterfaceOrientationPortraitUpsideDown UIInterfaceOrientationLandscapeLeft UIInterfaceOrientationLandscapeRight";
				INFOPLIST_KEY_UISupportedInterfaceOrientations_iPhone = "UIInterfaceOrientationPortrait UIInterfaceOrientationLandscapeLeft UIInterfaceOrientationLandscapeRight";
				LD_RUNPATH_SEARCH_PATHS = (
					"$(inherited)",
					"@executable_path/Frameworks",
				);
				MARKETING_VERSION = 1.0;
				PRODUCT_BUNDLE_IDENTIFIER = "kr.co.truen.EGLOO.MVP-Example";
				PRODUCT_NAME = "$(TARGET_NAME)";
				SWIFT_EMIT_LOC_STRINGS = YES;
				SWIFT_VERSION = 5.0;
				TARGETED_DEVICE_FAMILY = "1,2";
			};
			name = Debug;
		};
		7527C0D02999D87E00351F67 /* Release */ = {
			isa = XCBuildConfiguration;
			baseConfigurationReference = 3BCB425EC56962CEE0637E97 /* Pods-MVP_Example.release.xcconfig */;
			buildSettings = {
				ASSETCATALOG_COMPILER_APPICON_NAME = AppIcon;
				ASSETCATALOG_COMPILER_GLOBAL_ACCENT_COLOR_NAME = AccentColor;
				CODE_SIGN_STYLE = Automatic;
				CURRENT_PROJECT_VERSION = 1;
				DEVELOPMENT_TEAM = 9LAFQ24GSN;
				GENERATE_INFOPLIST_FILE = YES;
				INFOPLIST_FILE = MVP_Example/Info.plist;
				INFOPLIST_KEY_UIApplicationSupportsIndirectInputEvents = YES;
				INFOPLIST_KEY_UILaunchStoryboardName = LaunchScreen;
				INFOPLIST_KEY_UISupportedInterfaceOrientations_iPad = "UIInterfaceOrientationPortrait UIInterfaceOrientationPortraitUpsideDown UIInterfaceOrientationLandscapeLeft UIInterfaceOrientationLandscapeRight";
				INFOPLIST_KEY_UISupportedInterfaceOrientations_iPhone = "UIInterfaceOrientationPortrait UIInterfaceOrientationLandscapeLeft UIInterfaceOrientationLandscapeRight";
				LD_RUNPATH_SEARCH_PATHS = (
					"$(inherited)",
					"@executable_path/Frameworks",
				);
				MARKETING_VERSION = 1.0;
				PRODUCT_BUNDLE_IDENTIFIER = "kr.co.truen.EGLOO.MVP-Example";
				PRODUCT_NAME = "$(TARGET_NAME)";
				SWIFT_EMIT_LOC_STRINGS = YES;
				SWIFT_VERSION = 5.0;
				TARGETED_DEVICE_FAMILY = "1,2";
			};
			name = Release;
		};
		7527C0D22999D87E00351F67 /* Debug */ = {
			isa = XCBuildConfiguration;
			baseConfigurationReference = B82B48FB3EDB3E1D96685542 /* Pods-MVP_ExampleTests.debug.xcconfig */;
			buildSettings = {
				ALWAYS_EMBED_SWIFT_STANDARD_LIBRARIES = YES;
				BUNDLE_LOADER = "$(TEST_HOST)";
				CODE_SIGN_STYLE = Automatic;
				CURRENT_PROJECT_VERSION = 1;
				DEVELOPMENT_TEAM = 9LAFQ24GSN;
				GENERATE_INFOPLIST_FILE = YES;
				IPHONEOS_DEPLOYMENT_TARGET = 16.2;
				MARKETING_VERSION = 1.0;
				PRODUCT_BUNDLE_IDENTIFIER = "kr.co.truen.EGLOO.MVP-ExampleTests";
				PRODUCT_NAME = "$(TARGET_NAME)";
				SWIFT_EMIT_LOC_STRINGS = NO;
				SWIFT_VERSION = 5.0;
				TARGETED_DEVICE_FAMILY = "1,2";
				TEST_HOST = "$(BUILT_PRODUCTS_DIR)/MVP_Example.app/$(BUNDLE_EXECUTABLE_FOLDER_PATH)/MVP_Example";
			};
			name = Debug;
		};
		7527C0D32999D87E00351F67 /* Release */ = {
			isa = XCBuildConfiguration;
			baseConfigurationReference = BF42A8B1D3817319846ADC13 /* Pods-MVP_ExampleTests.release.xcconfig */;
			buildSettings = {
				ALWAYS_EMBED_SWIFT_STANDARD_LIBRARIES = YES;
				BUNDLE_LOADER = "$(TEST_HOST)";
				CODE_SIGN_STYLE = Automatic;
				CURRENT_PROJECT_VERSION = 1;
				DEVELOPMENT_TEAM = 9LAFQ24GSN;
				GENERATE_INFOPLIST_FILE = YES;
				IPHONEOS_DEPLOYMENT_TARGET = 16.2;
				MARKETING_VERSION = 1.0;
				PRODUCT_BUNDLE_IDENTIFIER = "kr.co.truen.EGLOO.MVP-ExampleTests";
				PRODUCT_NAME = "$(TARGET_NAME)";
				SWIFT_EMIT_LOC_STRINGS = NO;
				SWIFT_VERSION = 5.0;
				TARGETED_DEVICE_FAMILY = "1,2";
				TEST_HOST = "$(BUILT_PRODUCTS_DIR)/MVP_Example.app/$(BUNDLE_EXECUTABLE_FOLDER_PATH)/MVP_Example";
			};
			name = Release;
		};
		7527C0D52999D87E00351F67 /* Debug */ = {
			isa = XCBuildConfiguration;
			baseConfigurationReference = 23C73E97E53E0F68E0032960 /* Pods-MVP_Example-MVP_ExampleUITests.debug.xcconfig */;
			buildSettings = {
				ALWAYS_EMBED_SWIFT_STANDARD_LIBRARIES = YES;
				CODE_SIGN_STYLE = Automatic;
				CURRENT_PROJECT_VERSION = 1;
				DEVELOPMENT_TEAM = 9LAFQ24GSN;
				GENERATE_INFOPLIST_FILE = YES;
				MARKETING_VERSION = 1.0;
				PRODUCT_BUNDLE_IDENTIFIER = "kr.co.truen.EGLOO.MVP-ExampleUITests";
				PRODUCT_NAME = "$(TARGET_NAME)";
				SWIFT_EMIT_LOC_STRINGS = NO;
				SWIFT_VERSION = 5.0;
				TARGETED_DEVICE_FAMILY = "1,2";
				TEST_TARGET_NAME = MVP_Example;
			};
			name = Debug;
		};
		7527C0D62999D87E00351F67 /* Release */ = {
			isa = XCBuildConfiguration;
			baseConfigurationReference = CDE03727355C47CE691C412F /* Pods-MVP_Example-MVP_ExampleUITests.release.xcconfig */;
			buildSettings = {
				ALWAYS_EMBED_SWIFT_STANDARD_LIBRARIES = YES;
				CODE_SIGN_STYLE = Automatic;
				CURRENT_PROJECT_VERSION = 1;
				DEVELOPMENT_TEAM = 9LAFQ24GSN;
				GENERATE_INFOPLIST_FILE = YES;
				MARKETING_VERSION = 1.0;
				PRODUCT_BUNDLE_IDENTIFIER = "kr.co.truen.EGLOO.MVP-ExampleUITests";
				PRODUCT_NAME = "$(TARGET_NAME)";
				SWIFT_EMIT_LOC_STRINGS = NO;
				SWIFT_VERSION = 5.0;
				TARGETED_DEVICE_FAMILY = "1,2";
				TEST_TARGET_NAME = MVP_Example;
			};
			name = Release;
		};
/* End XCBuildConfiguration section */

/* Begin XCConfigurationList section */
		7527C09F2999D87B00351F67 /* Build configuration list for PBXProject "MVP_Example" */ = {
			isa = XCConfigurationList;
			buildConfigurations = (
				7527C0CC2999D87E00351F67 /* Debug */,
				7527C0CD2999D87E00351F67 /* Release */,
			);
			defaultConfigurationIsVisible = 0;
			defaultConfigurationName = Release;
		};
		7527C0CE2999D87E00351F67 /* Build configuration list for PBXNativeTarget "MVP_Example" */ = {
			isa = XCConfigurationList;
			buildConfigurations = (
				7527C0CF2999D87E00351F67 /* Debug */,
				7527C0D02999D87E00351F67 /* Release */,
			);
			defaultConfigurationIsVisible = 0;
			defaultConfigurationName = Release;
		};
		7527C0D12999D87E00351F67 /* Build configuration list for PBXNativeTarget "MVP_ExampleTests" */ = {
			isa = XCConfigurationList;
			buildConfigurations = (
				7527C0D22999D87E00351F67 /* Debug */,
				7527C0D32999D87E00351F67 /* Release */,
			);
			defaultConfigurationIsVisible = 0;
			defaultConfigurationName = Release;
		};
		7527C0D42999D87E00351F67 /* Build configuration list for PBXNativeTarget "MVP_ExampleUITests" */ = {
			isa = XCConfigurationList;
			buildConfigurations = (
				7527C0D52999D87E00351F67 /* Debug */,
				7527C0D62999D87E00351F67 /* Release */,
			);
			defaultConfigurationIsVisible = 0;
			defaultConfigurationName = Release;
		};
/* End XCConfigurationList section */
	};
	rootObject = 7527C09C2999D87B00351F67 /* Project object */;
}
